// !$*UTF8*$!
{
	archiveVersion = 1;
	classes = {
	};
	objectVersion = 56;
	objects = {

/* Begin PBXBuildFile section */
		675A54FF28EBB50500BD6EA4 /* Clarinete in Frameworks */ = {isa = PBXBuildFile; productRef = 675A54FE28EBB50500BD6EA4 /* Clarinete */; };
		675A550328EBB93600BD6EA4 /* ScriptStep.swift in Sources */ = {isa = PBXBuildFile; fileRef = 675A550228EBB93600BD6EA4 /* ScriptStep.swift */; };
		675A550528EBB95E00BD6EA4 /* ClarineteStep.swift in Sources */ = {isa = PBXBuildFile; fileRef = 675A550428EBB95E00BD6EA4 /* ClarineteStep.swift */; };
		67BD2B9528EE58A900391CD2 /* TelegramSender.swift in Sources */ = {isa = PBXBuildFile; fileRef = 67BD2B9428EE58A900391CD2 /* TelegramSender.swift */; };
		67BD2B9728EE58E100391CD2 /* SenderConfig.swift in Sources */ = {isa = PBXBuildFile; fileRef = 67BD2B9628EE58E100391CD2 /* SenderConfig.swift */; };
		67BD2B9928EE5A1800391CD2 /* Sender.swift in Sources */ = {isa = PBXBuildFile; fileRef = 67BD2B9828EE5A1800391CD2 /* Sender.swift */; };
		67BD2B9D28EE5BCA00391CD2 /* TelegramBotSDK in Frameworks */ = {isa = PBXBuildFile; productRef = 67BD2B9C28EE5BCA00391CD2 /* TelegramBotSDK */; };
		67D3179C28EA7BA400A55042 /* main.swift in Sources */ = {isa = PBXBuildFile; fileRef = 67D3179B28EA7BA400A55042 /* main.swift */; };
		67D317A728EA7CC200A55042 /* Config.swift in Sources */ = {isa = PBXBuildFile; fileRef = 67D317A628EA7CC200A55042 /* Config.swift */; };
		67D317A928EA7D2200A55042 /* ScriptConfig.swift in Sources */ = {isa = PBXBuildFile; fileRef = 67D317A828EA7D2200A55042 /* ScriptConfig.swift */; };
		67D317AC28EA7E7200A55042 /* Config+Load.swift in Sources */ = {isa = PBXBuildFile; fileRef = 67D317AB28EA7E7200A55042 /* Config+Load.swift */; };
		67D317B428EA83D000A55042 /* config.json in CopyFiles */ = {isa = PBXBuildFile; fileRef = 67D317AF28EA806E00A55042 /* config.json */; };
		67D317B628EA865A00A55042 /* MorningBot.swift in Sources */ = {isa = PBXBuildFile; fileRef = 67D317B528EA865A00A55042 /* MorningBot.swift */; };
/* End PBXBuildFile section */

/* Begin PBXCopyFilesBuildPhase section */
		67D3179628EA7BA400A55042 /* CopyFiles */ = {
			isa = PBXCopyFilesBuildPhase;
			buildActionMask = 12;
			dstPath = "";
			dstSubfolderSpec = 16;
			files = (
				67D317B428EA83D000A55042 /* config.json in CopyFiles */,
			);
			runOnlyForDeploymentPostprocessing = 0;
		};
/* End PBXCopyFilesBuildPhase section */

/* Begin PBXFileReference section */
		675A550228EBB93600BD6EA4 /* ScriptStep.swift */ = {isa = PBXFileReference; lastKnownFileType = sourcecode.swift; path = ScriptStep.swift; sourceTree = "<group>"; };
		675A550428EBB95E00BD6EA4 /* ClarineteStep.swift */ = {isa = PBXFileReference; lastKnownFileType = sourcecode.swift; path = ClarineteStep.swift; sourceTree = "<group>"; };
		67BD2B9428EE58A900391CD2 /* TelegramSender.swift */ = {isa = PBXFileReference; lastKnownFileType = sourcecode.swift; path = TelegramSender.swift; sourceTree = "<group>"; };
		67BD2B9628EE58E100391CD2 /* SenderConfig.swift */ = {isa = PBXFileReference; lastKnownFileType = sourcecode.swift; path = SenderConfig.swift; sourceTree = "<group>"; };
		67BD2B9828EE5A1800391CD2 /* Sender.swift */ = {isa = PBXFileReference; lastKnownFileType = sourcecode.swift; path = Sender.swift; sourceTree = "<group>"; };
		67D3179828EA7BA400A55042 /* MorningBot */ = {isa = PBXFileReference; explicitFileType = "compiled.mach-o.executable"; includeInIndex = 0; path = MorningBot; sourceTree = BUILT_PRODUCTS_DIR; };
		67D3179B28EA7BA400A55042 /* main.swift */ = {isa = PBXFileReference; lastKnownFileType = sourcecode.swift; path = main.swift; sourceTree = "<group>"; };
		67D317A628EA7CC200A55042 /* Config.swift */ = {isa = PBXFileReference; lastKnownFileType = sourcecode.swift; path = Config.swift; sourceTree = "<group>"; };
		67D317A828EA7D2200A55042 /* ScriptConfig.swift */ = {isa = PBXFileReference; lastKnownFileType = sourcecode.swift; path = ScriptConfig.swift; sourceTree = "<group>"; };
		67D317AB28EA7E7200A55042 /* Config+Load.swift */ = {isa = PBXFileReference; lastKnownFileType = sourcecode.swift; path = "Config+Load.swift"; sourceTree = "<group>"; };
		67D317AF28EA806E00A55042 /* config.json */ = {isa = PBXFileReference; fileEncoding = 4; lastKnownFileType = text.json; path = config.json; sourceTree = "<group>"; };
		67D317B528EA865A00A55042 /* MorningBot.swift */ = {isa = PBXFileReference; lastKnownFileType = sourcecode.swift; path = MorningBot.swift; sourceTree = "<group>"; };
/* End PBXFileReference section */

/* Begin PBXFrameworksBuildPhase section */
		67D3179528EA7BA400A55042 /* Frameworks */ = {
			isa = PBXFrameworksBuildPhase;
			buildActionMask = 2147483647;
			files = (
				67BD2B9D28EE5BCA00391CD2 /* TelegramBotSDK in Frameworks */,
				675A54FF28EBB50500BD6EA4 /* Clarinete in Frameworks */,
			);
			runOnlyForDeploymentPostprocessing = 0;
		};
/* End PBXFrameworksBuildPhase section */

/* Begin PBXGroup section */
		675A550828EBBA0300BD6EA4 /* ScriptStep */ = {
			isa = PBXGroup;
			children = (
				675A550228EBB93600BD6EA4 /* ScriptStep.swift */,
				675A550428EBB95E00BD6EA4 /* ClarineteStep.swift */,
			);
			path = ScriptStep;
			sourceTree = "<group>";
		};
		67BD2B9A28EE5A3D00391CD2 /* Sender */ = {
			isa = PBXGroup;
			children = (
				67BD2B9428EE58A900391CD2 /* TelegramSender.swift */,
				67BD2B9828EE5A1800391CD2 /* Sender.swift */,
			);
			path = Sender;
			sourceTree = "<group>";
		};
		67D3178F28EA7BA400A55042 = {
			isa = PBXGroup;
			children = (
				67D3179A28EA7BA400A55042 /* MorningBot */,
				67D3179928EA7BA400A55042 /* Products */,
			);
			sourceTree = "<group>";
		};
		67D3179928EA7BA400A55042 /* Products */ = {
			isa = PBXGroup;
			children = (
				67D3179828EA7BA400A55042 /* MorningBot */,
			);
			name = Products;
			sourceTree = "<group>";
		};
		67D3179A28EA7BA400A55042 /* MorningBot */ = {
			isa = PBXGroup;
			children = (
				67D317AF28EA806E00A55042 /* config.json */,
				67D3179B28EA7BA400A55042 /* main.swift */,
				67D317B528EA865A00A55042 /* MorningBot.swift */,
				67BD2B9A28EE5A3D00391CD2 /* Sender */,
				675A550828EBBA0300BD6EA4 /* ScriptStep */,
				67D317AD28EA7E7600A55042 /* Extensions */,
				67D317AA28EA7DC500A55042 /* Models */,
			);
			path = MorningBot;
			sourceTree = "<group>";
		};
		67D317AA28EA7DC500A55042 /* Models */ = {
			isa = PBXGroup;
			children = (
				67D317A628EA7CC200A55042 /* Config.swift */,
				67BD2B9628EE58E100391CD2 /* SenderConfig.swift */,
				67D317A828EA7D2200A55042 /* ScriptConfig.swift */,
			);
			path = Models;
			sourceTree = "<group>";
		};
		67D317AD28EA7E7600A55042 /* Extensions */ = {
			isa = PBXGroup;
			children = (
				67D317AB28EA7E7200A55042 /* Config+Load.swift */,
			);
			path = Extensions;
			sourceTree = "<group>";
		};
/* End PBXGroup section */

/* Begin PBXNativeTarget section */
		67D3179728EA7BA400A55042 /* MorningBot */ = {
			isa = PBXNativeTarget;
			buildConfigurationList = 67D3179F28EA7BA400A55042 /* Build configuration list for PBXNativeTarget "MorningBot" */;
			buildPhases = (
				67D3179428EA7BA400A55042 /* Sources */,
				67D3179528EA7BA400A55042 /* Frameworks */,
				67D3179628EA7BA400A55042 /* CopyFiles */,
			);
			buildRules = (
			);
			dependencies = (
			);
			name = MorningBot;
			packageProductDependencies = (
				675A54FE28EBB50500BD6EA4 /* Clarinete */,
				67BD2B9C28EE5BCA00391CD2 /* TelegramBotSDK */,
			);
			productName = MorningBot;
			productReference = 67D3179828EA7BA400A55042 /* MorningBot */;
			productType = "com.apple.product-type.tool";
		};
/* End PBXNativeTarget section */

/* Begin PBXProject section */
		67D3179028EA7BA400A55042 /* Project object */ = {
			isa = PBXProject;
			attributes = {
				BuildIndependentTargetsInParallel = 1;
				LastSwiftUpdateCheck = 1400;
				LastUpgradeCheck = 1400;
				TargetAttributes = {
					67D3179728EA7BA400A55042 = {
						CreatedOnToolsVersion = 14.0.1;
					};
				};
			};
			buildConfigurationList = 67D3179328EA7BA400A55042 /* Build configuration list for PBXProject "MorningBot" */;
			compatibilityVersion = "Xcode 14.0";
			developmentRegion = en;
			hasScannedForEncodings = 0;
			knownRegions = (
				en,
				Base,
			);
			mainGroup = 67D3178F28EA7BA400A55042;
			packageReferences = (
				675A54FD28EBB50500BD6EA4 /* XCRemoteSwiftPackageReference "Clarinete" */,
				67BD2B9B28EE5BCA00391CD2 /* XCRemoteSwiftPackageReference "telegram-bot-swift" */,
			);
			productRefGroup = 67D3179928EA7BA400A55042 /* Products */;
			projectDirPath = "";
			projectRoot = "";
			targets = (
				67D3179728EA7BA400A55042 /* MorningBot */,
			);
		};
/* End PBXProject section */

/* Begin PBXSourcesBuildPhase section */
		67D3179428EA7BA400A55042 /* Sources */ = {
			isa = PBXSourcesBuildPhase;
			buildActionMask = 2147483647;
			files = (
				67D3179C28EA7BA400A55042 /* main.swift in Sources */,
				67BD2B9528EE58A900391CD2 /* TelegramSender.swift in Sources */,
				675A550528EBB95E00BD6EA4 /* ClarineteStep.swift in Sources */,
				67D317B628EA865A00A55042 /* MorningBot.swift in Sources */,
				67BD2B9928EE5A1800391CD2 /* Sender.swift in Sources */,
				675A550328EBB93600BD6EA4 /* ScriptStep.swift in Sources */,
				67D317AC28EA7E7200A55042 /* Config+Load.swift in Sources */,
				67D317A928EA7D2200A55042 /* ScriptConfig.swift in Sources */,
				67D317A728EA7CC200A55042 /* Config.swift in Sources */,
				67BD2B9728EE58E100391CD2 /* SenderConfig.swift in Sources */,
			);
			runOnlyForDeploymentPostprocessing = 0;
		};
/* End PBXSourcesBuildPhase section */

/* Begin XCBuildConfiguration section */
		67D3179D28EA7BA400A55042 /* Debug */ = {
			isa = XCBuildConfiguration;
			buildSettings = {
				ALWAYS_SEARCH_USER_PATHS = NO;
				CLANG_ANALYZER_NONNULL = YES;
				CLANG_ANALYZER_NUMBER_OBJECT_CONVERSION = YES_AGGRESSIVE;
				CLANG_CXX_LANGUAGE_STANDARD = "gnu++20";
				CLANG_ENABLE_MODULES = YES;
				CLANG_ENABLE_OBJC_ARC = YES;
				CLANG_ENABLE_OBJC_WEAK = YES;
				CLANG_WARN_BLOCK_CAPTURE_AUTORELEASING = YES;
				CLANG_WARN_BOOL_CONVERSION = YES;
				CLANG_WARN_COMMA = YES;
				CLANG_WARN_CONSTANT_CONVERSION = YES;
				CLANG_WARN_DEPRECATED_OBJC_IMPLEMENTATIONS = YES;
				CLANG_WARN_DIRECT_OBJC_ISA_USAGE = YES_ERROR;
				CLANG_WARN_DOCUMENTATION_COMMENTS = YES;
				CLANG_WARN_EMPTY_BODY = YES;
				CLANG_WARN_ENUM_CONVERSION = YES;
				CLANG_WARN_INFINITE_RECURSION = YES;
				CLANG_WARN_INT_CONVERSION = YES;
				CLANG_WARN_NON_LITERAL_NULL_CONVERSION = YES;
				CLANG_WARN_OBJC_IMPLICIT_RETAIN_SELF = YES;
				CLANG_WARN_OBJC_LITERAL_CONVERSION = YES;
				CLANG_WARN_OBJC_ROOT_CLASS = YES_ERROR;
				CLANG_WARN_QUOTED_INCLUDE_IN_FRAMEWORK_HEADER = YES;
				CLANG_WARN_RANGE_LOOP_ANALYSIS = YES;
				CLANG_WARN_STRICT_PROTOTYPES = YES;
				CLANG_WARN_SUSPICIOUS_MOVE = YES;
				CLANG_WARN_UNGUARDED_AVAILABILITY = YES_AGGRESSIVE;
				CLANG_WARN_UNREACHABLE_CODE = YES;
				CLANG_WARN__DUPLICATE_METHOD_MATCH = YES;
				COPY_PHASE_STRIP = NO;
				DEBUG_INFORMATION_FORMAT = dwarf;
				ENABLE_STRICT_OBJC_MSGSEND = YES;
				ENABLE_TESTABILITY = YES;
				GCC_C_LANGUAGE_STANDARD = gnu11;
				GCC_DYNAMIC_NO_PIC = NO;
				GCC_NO_COMMON_BLOCKS = YES;
				GCC_OPTIMIZATION_LEVEL = 0;
				GCC_PREPROCESSOR_DEFINITIONS = (
					"DEBUG=1",
					"$(inherited)",
				);
				GCC_WARN_64_TO_32_BIT_CONVERSION = YES;
				GCC_WARN_ABOUT_RETURN_TYPE = YES_ERROR;
				GCC_WARN_UNDECLARED_SELECTOR = YES;
				GCC_WARN_UNINITIALIZED_AUTOS = YES_AGGRESSIVE;
				GCC_WARN_UNUSED_FUNCTION = YES;
				GCC_WARN_UNUSED_VARIABLE = YES;
				MACOSX_DEPLOYMENT_TARGET = 12.3;
				MTL_ENABLE_DEBUG_INFO = INCLUDE_SOURCE;
				MTL_FAST_MATH = YES;
				ONLY_ACTIVE_ARCH = YES;
				SDKROOT = macosx;
				SWIFT_ACTIVE_COMPILATION_CONDITIONS = DEBUG;
				SWIFT_OPTIMIZATION_LEVEL = "-Onone";
			};
			name = Debug;
		};
		67D3179E28EA7BA400A55042 /* Release */ = {
			isa = XCBuildConfiguration;
			buildSettings = {
				ALWAYS_SEARCH_USER_PATHS = NO;
				CLANG_ANALYZER_NONNULL = YES;
				CLANG_ANALYZER_NUMBER_OBJECT_CONVERSION = YES_AGGRESSIVE;
				CLANG_CXX_LANGUAGE_STANDARD = "gnu++20";
				CLANG_ENABLE_MODULES = YES;
				CLANG_ENABLE_OBJC_ARC = YES;
				CLANG_ENABLE_OBJC_WEAK = YES;
				CLANG_WARN_BLOCK_CAPTURE_AUTORELEASING = YES;
				CLANG_WARN_BOOL_CONVERSION = YES;
				CLANG_WARN_COMMA = YES;
				CLANG_WARN_CONSTANT_CONVERSION = YES;
				CLANG_WARN_DEPRECATED_OBJC_IMPLEMENTATIONS = YES;
				CLANG_WARN_DIRECT_OBJC_ISA_USAGE = YES_ERROR;
				CLANG_WARN_DOCUMENTATION_COMMENTS = YES;
				CLANG_WARN_EMPTY_BODY = YES;
				CLANG_WARN_ENUM_CONVERSION = YES;
				CLANG_WARN_INFINITE_RECURSION = YES;
				CLANG_WARN_INT_CONVERSION = YES;
				CLANG_WARN_NON_LITERAL_NULL_CONVERSION = YES;
				CLANG_WARN_OBJC_IMPLICIT_RETAIN_SELF = YES;
				CLANG_WARN_OBJC_LITERAL_CONVERSION = YES;
				CLANG_WARN_OBJC_ROOT_CLASS = YES_ERROR;
				CLANG_WARN_QUOTED_INCLUDE_IN_FRAMEWORK_HEADER = YES;
				CLANG_WARN_RANGE_LOOP_ANALYSIS = YES;
				CLANG_WARN_STRICT_PROTOTYPES = YES;
				CLANG_WARN_SUSPICIOUS_MOVE = YES;
				CLANG_WARN_UNGUARDED_AVAILABILITY = YES_AGGRESSIVE;
				CLANG_WARN_UNREACHABLE_CODE = YES;
				CLANG_WARN__DUPLICATE_METHOD_MATCH = YES;
				COPY_PHASE_STRIP = NO;
				DEBUG_INFORMATION_FORMAT = "dwarf-with-dsym";
				ENABLE_NS_ASSERTIONS = NO;
				ENABLE_STRICT_OBJC_MSGSEND = YES;
				GCC_C_LANGUAGE_STANDARD = gnu11;
				GCC_NO_COMMON_BLOCKS = YES;
				GCC_WARN_64_TO_32_BIT_CONVERSION = YES;
				GCC_WARN_ABOUT_RETURN_TYPE = YES_ERROR;
				GCC_WARN_UNDECLARED_SELECTOR = YES;
				GCC_WARN_UNINITIALIZED_AUTOS = YES_AGGRESSIVE;
				GCC_WARN_UNUSED_FUNCTION = YES;
				GCC_WARN_UNUSED_VARIABLE = YES;
				MACOSX_DEPLOYMENT_TARGET = 12.3;
				MTL_ENABLE_DEBUG_INFO = NO;
				MTL_FAST_MATH = YES;
				SDKROOT = macosx;
				SWIFT_COMPILATION_MODE = wholemodule;
				SWIFT_OPTIMIZATION_LEVEL = "-O";
			};
			name = Release;
		};
		67D317A028EA7BA400A55042 /* Debug */ = {
			isa = XCBuildConfiguration;
			buildSettings = {
				CODE_SIGN_STYLE = Automatic;
				DEVELOPMENT_TEAM = WUJDMCZJWL;
				ENABLE_HARDENED_RUNTIME = YES;
				PRODUCT_NAME = "$(TARGET_NAME)";
				SWIFT_VERSION = 5.0;
			};
			name = Debug;
		};
		67D317A128EA7BA400A55042 /* Release */ = {
			isa = XCBuildConfiguration;
			buildSettings = {
				CODE_SIGN_STYLE = Automatic;
				DEVELOPMENT_TEAM = WUJDMCZJWL;
				ENABLE_HARDENED_RUNTIME = YES;
				PRODUCT_NAME = "$(TARGET_NAME)";
				SWIFT_VERSION = 5.0;
			};
			name = Release;
		};
/* End XCBuildConfiguration section */

/* Begin XCConfigurationList section */
		67D3179328EA7BA400A55042 /* Build configuration list for PBXProject "MorningBot" */ = {
			isa = XCConfigurationList;
			buildConfigurations = (
				67D3179D28EA7BA400A55042 /* Debug */,
				67D3179E28EA7BA400A55042 /* Release */,
			);
			defaultConfigurationIsVisible = 0;
			defaultConfigurationName = Release;
		};
		67D3179F28EA7BA400A55042 /* Build configuration list for PBXNativeTarget "MorningBot" */ = {
			isa = XCConfigurationList;
			buildConfigurations = (
				67D317A028EA7BA400A55042 /* Debug */,
				67D317A128EA7BA400A55042 /* Release */,
			);
			defaultConfigurationIsVisible = 0;
			defaultConfigurationName = Release;
		};
/* End XCConfigurationList section */

/* Begin XCRemoteSwiftPackageReference section */
		675A54FD28EBB50500BD6EA4 /* XCRemoteSwiftPackageReference "Clarinete" */ = {
			isa = XCRemoteSwiftPackageReference;
			repositoryURL = "git@github.com:betzerra/Clarinete.git";
			requirement = {
				kind = revision;
				revision = 2f226674b461a70ebb21307cd388986ffc985856;
			};
		};
		67BD2B9B28EE5BCA00391CD2 /* XCRemoteSwiftPackageReference "telegram-bot-swift" */ = {
			isa = XCRemoteSwiftPackageReference;
			repositoryURL = "https://github.com/rapierorg/telegram-bot-swift.git";
			requirement = {
				branch = master;
				kind = branch;
			};
		};
/* End XCRemoteSwiftPackageReference section */

/* Begin XCSwiftPackageProductDependency section */
		675A54FE28EBB50500BD6EA4 /* Clarinete */ = {
			isa = XCSwiftPackageProductDependency;
			package = 675A54FD28EBB50500BD6EA4 /* XCRemoteSwiftPackageReference "Clarinete" */;
			productName = Clarinete;
		};
		67BD2B9C28EE5BCA00391CD2 /* TelegramBotSDK */ = {
			isa = XCSwiftPackageProductDependency;
			package = 67BD2B9B28EE5BCA00391CD2 /* XCRemoteSwiftPackageReference "telegram-bot-swift" */;
			productName = TelegramBotSDK;
		};
/* End XCSwiftPackageProductDependency section */
	};
	rootObject = 67D3179028EA7BA400A55042 /* Project object */;
}
