{
  "pins" : [
    {
      "identity" : "clarinete",
      "kind" : "remoteSourceControl",
      "location" : "git@github.com:betzerra/Clarinete.git",
      "state" : {
        "revision" : "8c9e3acbb2f95a5d3fe3b1f2e945d7e5106314f8",
        "version" : "2.1.0"
      }
    },
    {
      "identity" : "openweather",
      "kind" : "remoteSourceControl",
      "location" : "git@github.com:betzerra/OpenWeather.git",
      "state" : {
        "revision" : "5e9b633a1e60ff20f04a11dbbd8f45ea7440de95",
        "version" : "0.2.3"
      }
    },
    {
      "identity" : "pluma",
      "kind" : "remoteSourceControl",
      "location" : "git@github.com:betzerra/Pluma.git",
      "state" : {
        "revision" : "9193be39fecc572e7e28101a277612b1e8e38c36",
        "version" : "0.1.0"
      }
    },
    {
      "identity" : "swift-argument-parser",
      "kind" : "remoteSourceControl",
      "location" : "https://github.com/apple/swift-argument-parser",
      "state" : {
        "revision" : "9f39744e025c7d377987f30b03770805dcb0bcd1",
        "version" : "1.1.4"
      }
    },
    {
      "identity" : "telegram-bot-swift",
      "kind" : "remoteSourceControl",
      "location" : "git@github.com:rapierorg/telegram-bot-swift.git",
      "state" : {
        "revision" : "c03186fdbde69be648be33c57793a2d83c5a8256",
        "version" : "2.1.2"
      }
    }
  ],
  "version" : 2
}
